
Microsoft Visual Studio Solution File, Format Version 12.00
# Visual Studio Version 17
VisualStudioVersion = 17.13.35931.197
MinimumVisualStudioVersion = 10.0.40219.1
Project("{FAE04EC0-301F-11D3-BF4B-00C04F79EFBC}") = "GeradorDanfe.App", "src\GeradorDanfe.App\GeradorDanfe.App.csproj", "{67F57CB0-82FC-281A-0D45-EA4F5B4D95D5}"
EndProject
Global
	GlobalSection(SolutionConfigurationPlatforms) = preSolution
		Debug|Any CPU = Debug|Any CPU
		Release|Any CPU = Release|Any CPU
	EndGlobalSection
	GlobalSection(ProjectConfigurationPlatforms) = postSolution
		{67F57CB0-82FC-281A-0D45-EA4F5B4D95D5}.Debug|Any CPU.ActiveCfg = Debug|Any CPU
		{67F57CB0-82FC-281A-0D45-EA4F5B4D95D5}.Debug|Any CPU.Build.0 = Debug|Any CPU
		{67F57CB0-82FC-281A-0D45-EA4F5B4D95D5}.Release|Any CPU.ActiveCfg = Release|Any CPU
		{67F57CB0-82FC-281A-0D45-EA4F5B4D95D5}.Release|Any CPU.Build.0 = Release|Any CPU
	EndGlobalSection
	GlobalSection(SolutionProperties) = preSolution
		HideSolutionNode = FALSE
	EndGlobalSection
	GlobalSection(ExtensibilityGlobals) = postSolution
		SolutionGuid = {AB61E9F5-9D05-4663-BDA8-4B75F18E688A}
	EndGlobalSection
EndGlobal
